Microsoft Visual Studio Solution File, Format Version 12.00
# Visual Studio Version 17
VisualStudioVersion = 17.5.2.0
MinimumVisualStudioVersion = 10.0.40219.1
Project("{FAE04EC0-301F-11D3-BF4B-00C04F79EFBC}") = "EFCoreExistingDatabase", "EFCoreExistingDatabase.csproj", "{556D1428-8EDE-2114-05F9-37667716F546}"
EndProject
Global
	GlobalSection(SolutionConfigurationPlatforms) = preSolution
		Debug|Any CPU = Debug|Any CPU
		Release|Any CPU = Release|Any CPU
	EndGlobalSection
	GlobalSection(ProjectConfigurationPlatforms) = postSolution
		{556D1428-8EDE-2114-05F9-37667716F546}.Debug|Any CPU.ActiveCfg = Debug|Any CPU
		{556D1428-8EDE-2114-05F9-37667716F546}.Debug|Any CPU.Build.0 = Debug|Any CPU
		{556D1428-8EDE-2114-05F9-37667716F546}.Release|Any CPU.ActiveCfg = Release|Any CPU
		{556D1428-8EDE-2114-05F9-37667716F546}.Release|Any CPU.Build.0 = Release|Any CPU
	EndGlobalSection
	GlobalSection(SolutionProperties) = preSolution
		HideSolutionNode = FALSE
	EndGlobalSection
	GlobalSection(ExtensibilityGlobals) = postSolution
		SolutionGuid = {08142618-FB75-4FFE-BDBB-3F67042CF940}
	EndGlobalSection
EndGlobal
